// !$*UTF8*$!
{
	archiveVersion = 1;
	classes = {
	};
	objectVersion = 77;
	objects = {

/* Begin PBXBuildFile section */
		1B4BE97544B693BAF771B14A /* DashboardView.swift in Sources */ = {isa = PBXBuildFile; fileRef = 4E87A905B7C496F78C586CD9 /* DashboardView.swift */; };
		1C2CFF1C3C3B11E6F12D0B74 /* CleanupService.swift in Sources */ = {isa = PBXBuildFile; fileRef = AA5DCAB56D7647AC872006EC /* CleanupService.swift */; };
		2C0A814FEFFE550357AC68C9 /* MoleiOSApp.swift in Sources */ = {isa = PBXBuildFile; fileRef = 41CEC14E9B85228FD0117C42 /* MoleiOSApp.swift */; };
		2C97F18C3C439E94B4053CB8 /* LocalFileScanner.swift in Sources */ = {isa = PBXBuildFile; fileRef = 87E10DA68ADDE538171B4665 /* LocalFileScanner.swift */; };
		428D1AA52999E72BBBDB9B94 /* DashboardViewModel.swift in Sources */ = {isa = PBXBuildFile; fileRef = 4E70227F2E20C826B5643BC1 /* DashboardViewModel.swift */; };
		4C813EE6E616BA82996EE6FC /* AppState.swift in Sources */ = {isa = PBXBuildFile; fileRef = CC05156DB8C1D5C7AEAC5565 /* AppState.swift */; };
		51D106C3CF98EDB0298A20A5 /* PermissionService.swift in Sources */ = {isa = PBXBuildFile; fileRef = F23F53C5A25D68303712BDE9 /* PermissionService.swift */; };
		76FFA07ED65E43C8DCB7D9C2 /* MockStorageScanner.swift in Sources */ = {isa = PBXBuildFile; fileRef = 06914BB3990184C4532AB80B /* MockStorageScanner.swift */; };
		988134C2EDFA5E50316529F2 /* SettingsView.swift in Sources */ = {isa = PBXBuildFile; fileRef = 3716EF9626CB62AAB9366213 /* SettingsView.swift */; };
		A7C4A3601A0ABC1CBF374BC4 /* CompositeStorageScanner.swift in Sources */ = {isa = PBXBuildFile; fileRef = E4D38982AC5A5855A82CCEC2 /* CompositeStorageScanner.swift */; };
		B700DE8285A39F3D5082872C /* CleanupCandidate.swift in Sources */ = {isa = PBXBuildFile; fileRef = 25E673B59D3C2372AF2A1780 /* CleanupCandidate.swift */; };
		C4906F20D6A928AC4E00E152 /* PhotoLibraryScanner.swift in Sources */ = {isa = PBXBuildFile; fileRef = 1BA8C573AD46FC5CF75FEB69 /* PhotoLibraryScanner.swift */; };
		D34F26ECAE7F34BF4F3E404E /* StorageBreakdownView.swift in Sources */ = {isa = PBXBuildFile; fileRef = BC5C3DF60BA53FFF3CDC0B37 /* StorageBreakdownView.swift */; };
		E8D64963CF94E59F4D2CA0FB /* StorageInsight.swift in Sources */ = {isa = PBXBuildFile; fileRef = E8735156F720E5BDA342E367 /* StorageInsight.swift */; };
/* End PBXBuildFile section */

/* Begin PBXFileReference section */
		06914BB3990184C4532AB80B /* MockStorageScanner.swift */ = {isa = PBXFileReference; lastKnownFileType = sourcecode.swift; path = MockStorageScanner.swift; sourceTree = "<group>"; };
		1BA8C573AD46FC5CF75FEB69 /* PhotoLibraryScanner.swift */ = {isa = PBXFileReference; lastKnownFileType = sourcecode.swift; path = PhotoLibraryScanner.swift; sourceTree = "<group>"; };
		25E673B59D3C2372AF2A1780 /* CleanupCandidate.swift */ = {isa = PBXFileReference; lastKnownFileType = sourcecode.swift; path = CleanupCandidate.swift; sourceTree = "<group>"; };
		3716EF9626CB62AAB9366213 /* SettingsView.swift */ = {isa = PBXFileReference; lastKnownFileType = sourcecode.swift; path = SettingsView.swift; sourceTree = "<group>"; };
		41CEC14E9B85228FD0117C42 /* MoleiOSApp.swift */ = {isa = PBXFileReference; lastKnownFileType = sourcecode.swift; path = MoleiOSApp.swift; sourceTree = "<group>"; };
		4E70227F2E20C826B5643BC1 /* DashboardViewModel.swift */ = {isa = PBXFileReference; lastKnownFileType = sourcecode.swift; path = DashboardViewModel.swift; sourceTree = "<group>"; };
		4E87A905B7C496F78C586CD9 /* DashboardView.swift */ = {isa = PBXFileReference; lastKnownFileType = sourcecode.swift; path = DashboardView.swift; sourceTree = "<group>"; };
		87E10DA68ADDE538171B4665 /* LocalFileScanner.swift */ = {isa = PBXFileReference; lastKnownFileType = sourcecode.swift; path = LocalFileScanner.swift; sourceTree = "<group>"; };
		AA5DCAB56D7647AC872006EC /* CleanupService.swift */ = {isa = PBXFileReference; lastKnownFileType = sourcecode.swift; path = CleanupService.swift; sourceTree = "<group>"; };
		BC5C3DF60BA53FFF3CDC0B37 /* StorageBreakdownView.swift */ = {isa = PBXFileReference; lastKnownFileType = sourcecode.swift; path = StorageBreakdownView.swift; sourceTree = "<group>"; };
		CC05156DB8C1D5C7AEAC5565 /* AppState.swift */ = {isa = PBXFileReference; lastKnownFileType = sourcecode.swift; path = AppState.swift; sourceTree = "<group>"; };
		E4D38982AC5A5855A82CCEC2 /* CompositeStorageScanner.swift */ = {isa = PBXFileReference; lastKnownFileType = sourcecode.swift; path = CompositeStorageScanner.swift; sourceTree = "<group>"; };
		E74270C1A63F8C0D4EAF9921 /* Pole.app */ = {isa = PBXFileReference; includeInIndex = 0; lastKnownFileType = wrapper.application; path = Pole.app; sourceTree = BUILT_PRODUCTS_DIR; };
		E8735156F720E5BDA342E367 /* StorageInsight.swift */ = {isa = PBXFileReference; lastKnownFileType = sourcecode.swift; path = StorageInsight.swift; sourceTree = "<group>"; };
		F23F53C5A25D68303712BDE9 /* PermissionService.swift */ = {isa = PBXFileReference; lastKnownFileType = sourcecode.swift; path = PermissionService.swift; sourceTree = "<group>"; };
/* End PBXFileReference section */

/* Begin PBXGroup section */
		0FF27800084E8108C6A410DD /* Products */ = {
			isa = PBXGroup;
			children = (
				E74270C1A63F8C0D4EAF9921 /* Pole.app */,
			);
			name = Products;
			sourceTree = "<group>";
		};
		5505215A8E828B1F6CF86611 /* Features */ = {
			isa = PBXGroup;
			children = (
				608E04F7CA3D0656B0EAEE16 /* Dashboard */,
				BE399CE6A5FCC19B38A5FD5F /* Settings */,
				A273C3293E04455BF52ECB0B /* Storage */,
			);
			path = Features;
			sourceTree = "<group>";
		};
		5753607A265088834C4306AF /* MoleiOS */ = {
			isa = PBXGroup;
			children = (
				85E8EB73E220172AB2A31098 /* App */,
				85B8A0BF45A5C22C1583949D /* Core */,
				5505215A8E828B1F6CF86611 /* Features */,
			);
			path = MoleiOS;
			sourceTree = "<group>";
		};
		608E04F7CA3D0656B0EAEE16 /* Dashboard */ = {
			isa = PBXGroup;
			children = (
				4E87A905B7C496F78C586CD9 /* DashboardView.swift */,
			);
			path = Dashboard;
			sourceTree = "<group>";
		};
		691517486F0891F2EBB86C20 /* ViewModels */ = {
			isa = PBXGroup;
			children = (
				4E70227F2E20C826B5643BC1 /* DashboardViewModel.swift */,
			);
			path = ViewModels;
			sourceTree = "<group>";
		};
		85B8A0BF45A5C22C1583949D /* Core */ = {
			isa = PBXGroup;
			children = (
				F86279603C2AC62FC5691B8C /* Models */,
				DB4D53E66D15A00C4F2ECD6D /* Services */,
				691517486F0891F2EBB86C20 /* ViewModels */,
			);
			path = Core;
			sourceTree = "<group>";
		};
		85E8EB73E220172AB2A31098 /* App */ = {
			isa = PBXGroup;
			children = (
				CC05156DB8C1D5C7AEAC5565 /* AppState.swift */,
				41CEC14E9B85228FD0117C42 /* MoleiOSApp.swift */,
			);
			path = App;
			sourceTree = "<group>";
		};
		A273C3293E04455BF52ECB0B /* Storage */ = {
			isa = PBXGroup;
			children = (
				BC5C3DF60BA53FFF3CDC0B37 /* StorageBreakdownView.swift */,
			);
			path = Storage;
			sourceTree = "<group>";
		};
		BE399CE6A5FCC19B38A5FD5F /* Settings */ = {
			isa = PBXGroup;
			children = (
				3716EF9626CB62AAB9366213 /* SettingsView.swift */,
			);
			path = Settings;
			sourceTree = "<group>";
		};
		DB4D53E66D15A00C4F2ECD6D /* Services */ = {
			isa = PBXGroup;
			children = (
				AA5DCAB56D7647AC872006EC /* CleanupService.swift */,
				E4D38982AC5A5855A82CCEC2 /* CompositeStorageScanner.swift */,
				87E10DA68ADDE538171B4665 /* LocalFileScanner.swift */,
				06914BB3990184C4532AB80B /* MockStorageScanner.swift */,
				F23F53C5A25D68303712BDE9 /* PermissionService.swift */,
				1BA8C573AD46FC5CF75FEB69 /* PhotoLibraryScanner.swift */,
			);
			path = Services;
			sourceTree = "<group>";
		};
		DD4E4D4A2C31B630F182F370 = {
			isa = PBXGroup;
			children = (
				5753607A265088834C4306AF /* MoleiOS */,
				0FF27800084E8108C6A410DD /* Products */,
			);
			sourceTree = "<group>";
		};
		F86279603C2AC62FC5691B8C /* Models */ = {
			isa = PBXGroup;
			children = (
				25E673B59D3C2372AF2A1780 /* CleanupCandidate.swift */,
				E8735156F720E5BDA342E367 /* StorageInsight.swift */,
			);
			path = Models;
			sourceTree = "<group>";
		};
/* End PBXGroup section */

/* Begin PBXNativeTarget section */
		AFB11BABC2B99D460E0335C1 /* Pole */ = {
			isa = PBXNativeTarget;
			buildConfigurationList = 72BEAFB0EB655CDA5C5FDFA9 /* Build configuration list for PBXNativeTarget "Pole" */;
			buildPhases = (
				87FE80675CF04C97DE13E8BF /* Sources */,
			);
			buildRules = (
			);
			dependencies = (
			);
			name = Pole;
			packageProductDependencies = (
			);
			productName = Pole;
			productReference = E74270C1A63F8C0D4EAF9921 /* Pole.app */;
			productType = "com.apple.product-type.application";
		};
/* End PBXNativeTarget section */

/* Begin PBXProject section */
		EFA2BF0B0CDBA937139E0820 /* Project object */ = {
			isa = PBXProject;
			attributes = {
				BuildIndependentTargetsInParallel = YES;
				LastUpgradeCheck = 1430;
				TargetAttributes = {
				};
			};
			buildConfigurationList = DA1333C1B769F3E2BBEC76EB /* Build configuration list for PBXProject "Pole" */;
			developmentRegion = en;
			hasScannedForEncodings = 0;
			knownRegions = (
				Base,
				en,
			);
			mainGroup = DD4E4D4A2C31B630F182F370;
			minimizedProjectReferenceProxies = 1;
			preferredProjectObjectVersion = 77;
			productRefGroup = 0FF27800084E8108C6A410DD /* Products */;
			projectDirPath = "";
			projectRoot = "";
			targets = (
				AFB11BABC2B99D460E0335C1 /* Pole */,
			);
		};
/* End PBXProject section */

/* Begin PBXSourcesBuildPhase section */
		87FE80675CF04C97DE13E8BF /* Sources */ = {
			isa = PBXSourcesBuildPhase;
			buildActionMask = 2147483647;
			files = (
				4C813EE6E616BA82996EE6FC /* AppState.swift in Sources */,
				B700DE8285A39F3D5082872C /* CleanupCandidate.swift in Sources */,
				1C2CFF1C3C3B11E6F12D0B74 /* CleanupService.swift in Sources */,
				A7C4A3601A0ABC1CBF374BC4 /* CompositeStorageScanner.swift in Sources */,
				1B4BE97544B693BAF771B14A /* DashboardView.swift in Sources */,
				428D1AA52999E72BBBDB9B94 /* DashboardViewModel.swift in Sources */,
				2C97F18C3C439E94B4053CB8 /* LocalFileScanner.swift in Sources */,
				76FFA07ED65E43C8DCB7D9C2 /* MockStorageScanner.swift in Sources */,
				2C0A814FEFFE550357AC68C9 /* MoleiOSApp.swift in Sources */,
				51D106C3CF98EDB0298A20A5 /* PermissionService.swift in Sources */,
				C4906F20D6A928AC4E00E152 /* PhotoLibraryScanner.swift in Sources */,
				988134C2EDFA5E50316529F2 /* SettingsView.swift in Sources */,
				D34F26ECAE7F34BF4F3E404E /* StorageBreakdownView.swift in Sources */,
				E8D64963CF94E59F4D2CA0FB /* StorageInsight.swift in Sources */,
			);
			runOnlyForDeploymentPostprocessing = 0;
		};
/* End PBXSourcesBuildPhase section */

/* Begin XCBuildConfiguration section */
		67F6DB1DDFE90CE0F06F7DB8 /* Release */ = {
			isa = XCBuildConfiguration;
			buildSettings = {
				ALWAYS_SEARCH_USER_PATHS = NO;
				CLANG_ANALYZER_NONNULL = YES;
				CLANG_ANALYZER_NUMBER_OBJECT_CONVERSION = YES_AGGRESSIVE;
				CLANG_CXX_LANGUAGE_STANDARD = "gnu++14";
				CLANG_CXX_LIBRARY = "libc++";
				CLANG_ENABLE_MODULES = YES;
				CLANG_ENABLE_OBJC_ARC = YES;
				CLANG_ENABLE_OBJC_WEAK = YES;
				CLANG_WARN_BLOCK_CAPTURE_AUTORELEASING = YES;
				CLANG_WARN_BOOL_CONVERSION = YES;
				CLANG_WARN_COMMA = YES;
				CLANG_WARN_CONSTANT_CONVERSION = YES;
				CLANG_WARN_DEPRECATED_OBJC_IMPLEMENTATIONS = YES;
				CLANG_WARN_DIRECT_OBJC_ISA_USAGE = YES_ERROR;
				CLANG_WARN_DOCUMENTATION_COMMENTS = YES;
				CLANG_WARN_EMPTY_BODY = YES;
				CLANG_WARN_ENUM_CONVERSION = YES;
				CLANG_WARN_INFINITE_RECURSION = YES;
				CLANG_WARN_INT_CONVERSION = YES;
				CLANG_WARN_NON_LITERAL_NULL_CONVERSION = YES;
				CLANG_WARN_OBJC_IMPLICIT_RETAIN_SELF = YES;
				CLANG_WARN_OBJC_LITERAL_CONVERSION = YES;
				CLANG_WARN_OBJC_ROOT_CLASS = YES_ERROR;
				CLANG_WARN_QUOTED_INCLUDE_IN_FRAMEWORK_HEADER = YES;
				CLANG_WARN_RANGE_LOOP_ANALYSIS = YES;
				CLANG_WARN_STRICT_PROTOTYPES = YES;
				CLANG_WARN_SUSPICIOUS_MOVE = YES;
				CLANG_WARN_UNGUARDED_AVAILABILITY = YES_AGGRESSIVE;
				CLANG_WARN_UNREACHABLE_CODE = YES;
				CLANG_WARN__DUPLICATE_METHOD_MATCH = YES;
				COPY_PHASE_STRIP = NO;
				DEBUG_INFORMATION_FORMAT = "dwarf-with-dsym";
				ENABLE_NS_ASSERTIONS = NO;
				ENABLE_STRICT_OBJC_MSGSEND = YES;
				GCC_C_LANGUAGE_STANDARD = gnu11;
				GCC_NO_COMMON_BLOCKS = YES;
				GCC_WARN_64_TO_32_BIT_CONVERSION = YES;
				GCC_WARN_ABOUT_RETURN_TYPE = YES_ERROR;
				GCC_WARN_UNDECLARED_SELECTOR = YES;
				GCC_WARN_UNINITIALIZED_AUTOS = YES_AGGRESSIVE;
				GCC_WARN_UNUSED_FUNCTION = YES;
				GCC_WARN_UNUSED_VARIABLE = YES;
				IPHONEOS_DEPLOYMENT_TARGET = 17.0;
				MTL_ENABLE_DEBUG_INFO = NO;
				MTL_FAST_MATH = YES;
				PRODUCT_BUNDLE_IDENTIFIER = com.victor.pole;
				PRODUCT_NAME = "$(TARGET_NAME)";
				SDKROOT = iphoneos;
				SWIFT_COMPILATION_MODE = wholemodule;
				SWIFT_OPTIMIZATION_LEVEL = "-O";
				SWIFT_VERSION = 5.1;
			};
			name = Release;
		};
		B4A8F8208FE6169DC202B0EB /* Debug */ = {
			isa = XCBuildConfiguration;
			buildSettings = {
				ALWAYS_SEARCH_USER_PATHS = NO;
				CLANG_ANALYZER_NONNULL = YES;
				CLANG_ANALYZER_NUMBER_OBJECT_CONVERSION = YES_AGGRESSIVE;
				CLANG_CXX_LANGUAGE_STANDARD = "gnu++14";
				CLANG_CXX_LIBRARY = "libc++";
				CLANG_ENABLE_MODULES = YES;
				CLANG_ENABLE_OBJC_ARC = YES;
				CLANG_ENABLE_OBJC_WEAK = YES;
				CLANG_WARN_BLOCK_CAPTURE_AUTORELEASING = YES;
				CLANG_WARN_BOOL_CONVERSION = YES;
				CLANG_WARN_COMMA = YES;
				CLANG_WARN_CONSTANT_CONVERSION = YES;
				CLANG_WARN_DEPRECATED_OBJC_IMPLEMENTATIONS = YES;
				CLANG_WARN_DIRECT_OBJC_ISA_USAGE = YES_ERROR;
				CLANG_WARN_DOCUMENTATION_COMMENTS = YES;
				CLANG_WARN_EMPTY_BODY = YES;
				CLANG_WARN_ENUM_CONVERSION = YES;
				CLANG_WARN_INFINITE_RECURSION = YES;
				CLANG_WARN_INT_CONVERSION = YES;
				CLANG_WARN_NON_LITERAL_NULL_CONVERSION = YES;
				CLANG_WARN_OBJC_IMPLICIT_RETAIN_SELF = YES;
				CLANG_WARN_OBJC_LITERAL_CONVERSION = YES;
				CLANG_WARN_OBJC_ROOT_CLASS = YES_ERROR;
				CLANG_WARN_QUOTED_INCLUDE_IN_FRAMEWORK_HEADER = YES;
				CLANG_WARN_RANGE_LOOP_ANALYSIS = YES;
				CLANG_WARN_STRICT_PROTOTYPES = YES;
				CLANG_WARN_SUSPICIOUS_MOVE = YES;
				CLANG_WARN_UNGUARDED_AVAILABILITY = YES_AGGRESSIVE;
				CLANG_WARN_UNREACHABLE_CODE = YES;
				CLANG_WARN__DUPLICATE_METHOD_MATCH = YES;
				COPY_PHASE_STRIP = NO;
				DEBUG_INFORMATION_FORMAT = dwarf;
				ENABLE_STRICT_OBJC_MSGSEND = YES;
				ENABLE_TESTABILITY = YES;
				GCC_C_LANGUAGE_STANDARD = gnu11;
				GCC_DYNAMIC_NO_PIC = NO;
				GCC_NO_COMMON_BLOCKS = YES;
				GCC_OPTIMIZATION_LEVEL = 0;
				GCC_PREPROCESSOR_DEFINITIONS = (
					"$(inherited)",
					"DEBUG=1",
				);
				GCC_WARN_64_TO_32_BIT_CONVERSION = YES;
				GCC_WARN_ABOUT_RETURN_TYPE = YES_ERROR;
				GCC_WARN_UNDECLARED_SELECTOR = YES;
				GCC_WARN_UNINITIALIZED_AUTOS = YES_AGGRESSIVE;
				GCC_WARN_UNUSED_FUNCTION = YES;
				GCC_WARN_UNUSED_VARIABLE = YES;
				IPHONEOS_DEPLOYMENT_TARGET = 17.0;
				MTL_ENABLE_DEBUG_INFO = INCLUDE_SOURCE;
				MTL_FAST_MATH = YES;
				ONLY_ACTIVE_ARCH = YES;
				PRODUCT_BUNDLE_IDENTIFIER = com.victor.pole;
				PRODUCT_NAME = "$(TARGET_NAME)";
				SDKROOT = iphoneos;
				SWIFT_ACTIVE_COMPILATION_CONDITIONS = DEBUG;
				SWIFT_OPTIMIZATION_LEVEL = "-Onone";
				SWIFT_VERSION = 5.1;
			};
			name = Debug;
		};
		E4EB9DDB27AE720F53C8A178 /* Release */ = {
			isa = XCBuildConfiguration;
			buildSettings = {
				ASSETCATALOG_COMPILER_APPICON_NAME = AppIcon;
				CODE_SIGN_IDENTITY = "iPhone Developer";
				GENERATE_INFOPLIST_FILE = YES;
				INFOPLIST_KEY_CFBundleDisplayName = Pole;
				INFOPLIST_KEY_NSPhotoLibraryUsageDescription = "Pole scans photos and videos to show storage usage and cleanup opportunities.";
				INFOPLIST_KEY_UIApplicationSceneManifest_Generation = YES;
				INFOPLIST_KEY_UIApplicationSupportsIndirectInputEvents = YES;
				INFOPLIST_KEY_UILaunchScreen_Generation = YES;
				INFOPLIST_KEY_UISupportedInterfaceOrientations_iPhone = UIInterfaceOrientationPortrait;
				LD_RUNPATH_SEARCH_PATHS = (
					"$(inherited)",
					"@executable_path/Frameworks",
				);
				SDKROOT = iphoneos;
				TARGETED_DEVICE_FAMILY = "1,2";
			};
			name = Release;
		};
		F2563EE22CA70E19CB79799C /* Debug */ = {
			isa = XCBuildConfiguration;
			buildSettings = {
				ASSETCATALOG_COMPILER_APPICON_NAME = AppIcon;
				CODE_SIGN_IDENTITY = "iPhone Developer";
				GENERATE_INFOPLIST_FILE = YES;
				INFOPLIST_KEY_CFBundleDisplayName = Pole;
				INFOPLIST_KEY_NSPhotoLibraryUsageDescription = "Pole scans photos and videos to show storage usage and cleanup opportunities.";
				INFOPLIST_KEY_UIApplicationSceneManifest_Generation = YES;
				INFOPLIST_KEY_UIApplicationSupportsIndirectInputEvents = YES;
				INFOPLIST_KEY_UILaunchScreen_Generation = YES;
				INFOPLIST_KEY_UISupportedInterfaceOrientations_iPhone = UIInterfaceOrientationPortrait;
				LD_RUNPATH_SEARCH_PATHS = (
					"$(inherited)",
					"@executable_path/Frameworks",
				);
				SDKROOT = iphoneos;
				TARGETED_DEVICE_FAMILY = "1,2";
			};
			name = Debug;
		};
/* End XCBuildConfiguration section */

/* Begin XCConfigurationList section */
		72BEAFB0EB655CDA5C5FDFA9 /* Build configuration list for PBXNativeTarget "Pole" */ = {
			isa = XCConfigurationList;
			buildConfigurations = (
				F2563EE22CA70E19CB79799C /* Debug */,
				E4EB9DDB27AE720F53C8A178 /* Release */,
			);
			defaultConfigurationIsVisible = 0;
			defaultConfigurationName = Debug;
		};
		DA1333C1B769F3E2BBEC76EB /* Build configuration list for PBXProject "Pole" */ = {
			isa = XCConfigurationList;
			buildConfigurations = (
				B4A8F8208FE6169DC202B0EB /* Debug */,
				67F6DB1DDFE90CE0F06F7DB8 /* Release */,
			);
			defaultConfigurationIsVisible = 0;
			defaultConfigurationName = Debug;
		};
/* End XCConfigurationList section */
	};
	rootObject = EFA2BF0B0CDBA937139E0820 /* Project object */;
}
